# This file is automatically @generated by Cargo.
# It is not intended for manual editing.
version = 3

[[package]]
name = "aoc"
version = "0.0.0"
source = "git+https://github.com/ictrobot/aoc-rs#64b0a385b43f8b0b5aadd7b97d845d1fbdb47d1e"
dependencies = [
 "utils 0.0.0 (git+https://github.com/ictrobot/aoc-rs)",
 "year2015",
 "year2016 0.0.0 (git+https://github.com/ictrobot/aoc-rs)",
 "year2017",
 "year2018",
 "year2019",
 "year2024",
]

[[package]]
name = "aoc-rs-bench"
version = "0.0.0"
dependencies = [
 "aoc",
 "utils 0.0.0 (git+https://github.com/ictrobot/aoc-rs)",
 "year2015",
 "year2016 0.0.0 (git+https://github.com/ictrobot/aoc-rs?rev=ab1e77c27919360630046d825583af16a1423d16)",
]

[[package]]
name = "utils"
version = "0.0.0"
source = "git+https://github.com/ictrobot/aoc-rs?rev=ab1e77c27919360630046d825583af16a1423d16#ab1e77c27919360630046d825583af16a1423d16"

[[package]]
name = "utils"
version = "0.0.0"
source = "git+https://github.com/ictrobot/aoc-rs#64b0a385b43f8b0b5aadd7b97d845d1fbdb47d1e"

[[package]]
name = "year2015"
version = "0.0.0"
source = "git+https://github.com/ictrobot/aoc-rs#64b0a385b43f8b0b5aadd7b97d845d1fbdb47d1e"
dependencies = [
 "utils 0.0.0 (git+https://github.com/ictrobot/aoc-rs)",
]

[[package]]
name = "year2016"
version = "0.0.0"
source = "git+https://github.com/ictrobot/aoc-rs?rev=ab1e77c27919360630046d825583af16a1423d16#ab1e77c27919360630046d825583af16a1423d16"
dependencies = [
 "utils 0.0.0 (git+https://github.com/ictrobot/aoc-rs?rev=ab1e77c27919360630046d825583af16a1423d16)",
]

[[package]]
name = "year2016"
version = "0.0.0"
source = "git+https://github.com/ictrobot/aoc-rs#64b0a385b43f8b0b5aadd7b97d845d1fbdb47d1e"
dependencies = [
 "utils 0.0.0 (git+https://github.com/ictrobot/aoc-rs)",
]

[[package]]
name = "year2017"
version = "0.0.0"
source = "git+https://github.com/ictrobot/aoc-rs#64b0a385b43f8b0b5aadd7b97d845d1fbdb47d1e"
dependencies = [
 "utils 0.0.0 (git+https://github.com/ictrobot/aoc-rs)",
]

[[package]]
name = "year2018"
version = "0.0.0"
source = "git+https://github.com/ictrobot/aoc-rs#64b0a385b43f8b0b5aadd7b97d845d1fbdb47d1e"
dependencies = [
 "utils 0.0.0 (git+https://github.com/ictrobot/aoc-rs)",
]

[[package]]
name = "year2019"
version = "0.0.0"
source = "git+https://github.com/ictrobot/aoc-rs#64b0a385b43f8b0b5aadd7b97d845d1fbdb47d1e"
dependencies = [
 "utils 0.0.0 (git+https://github.com/ictrobot/aoc-rs)",
]

[[package]]
name = "year2024"
version = "0.0.0"
source = "git+https://github.com/ictrobot/aoc-rs#64b0a385b43f8b0b5aadd7b97d845d1fbdb47d1e"
dependencies = [
 "utils 0.0.0 (git+https://github.com/ictrobot/aoc-rs)",
]
